
Microsoft Visual Studio Solution File, Format Version 12.00
# Visual Studio Version 17
VisualStudioVersion = 17.5.33414.496
MinimumVisualStudioVersion = 10.0.40219.1
Project("{9A19103F-16F7-4668-BE54-9A1E7A4F7556}") = "Capitulo11CSharpPOO", "Capitulo11CSharpPOO\Capitulo11CSharpPOO.csproj", "{454F53AA-65B9-418A-9144-4C98E0192C7D}"
EndProject
Project("{9A19103F-16F7-4668-BE54-9A1E7A4F7556}") = "Capitulo11CSharpPOO2", "Capitulo11CSharpPOO2\Capitulo11CSharpPOO2.csproj", "{C20E94A8-EC28-4B49-8D4A-29EBEF625970}"
EndProject
Project("{9A19103F-16F7-4668-BE54-9A1E7A4F7556}") = "Capitulo13TratamentoDeErros", "Capitulo13TratamentoDeErros\Capitulo13TratamentoDeErros.csproj", "{CF2FBE64-6620-404A-9225-339E94B04BBE}"
EndProject
Project("{9A19103F-16F7-4668-BE54-9A1E7A4F7556}") = "Capitulo14TrabalhandoComArquivosDeTexto", "Capitulo14TrabalhandoComArquivosDeTexto\Capitulo14TrabalhandoComArquivosDeTexto.csproj", "{14D46367-3F6A-4E40-B1B5-54C7148E2660}"
EndProject
Project("{9A19103F-16F7-4668-BE54-9A1E7A4F7556}") = "Capitulo15a17ConectandoAoSqlServer", "Capitulo15a17ConectandoAoSqlServer\Capitulo15a17ConectandoAoSqlServer.csproj", "{6805BB25-9790-4329-902E-F72C37A10BF0}"
EndProject
Project("{9A19103F-16F7-4668-BE54-9A1E7A4F7556}") = "Capitulo12Exercicios", "Capitulo12Exercicios\Capitulo12Exercicios.csproj", "{D9E4F491-2E12-4CA3-9CAA-F4998FEA3FA0}"
EndProject
Project("{9A19103F-16F7-4668-BE54-9A1E7A4F7556}") = "Capitulo13ExerciciosTratamentoErros", "ExerciciosTratamentoErros\Capitulo13ExerciciosTratamentoErros.csproj", "{886DF22B-A9F0-4CCD-A21D-86DD56E5A635}"
EndProject
Project("{9A19103F-16F7-4668-BE54-9A1E7A4F7556}") = "Capitulo18WindowsForms", "Capitulo18WindowsForms\Capitulo18WindowsForms.csproj", "{C48A4813-575E-420E-A3A4-CA5C78FFC1AD}"
EndProject
Project("{9A19103F-16F7-4668-BE54-9A1E7A4F7556}") = "Capitulo19Exercicio", "Capitulo18Exercicio\Capitulo19Exercicio.csproj", "{3C474013-2857-4CDD-AA8F-AD6535B3801F}"
EndProject
Project("{9A19103F-16F7-4668-BE54-9A1E7A4F7556}") = "Capitulo20Exercicios", "Capitulo20Exercicios\Capitulo20Exercicios.csproj", "{EB26F8D8-06B4-46A1-A00A-D25E401FD113}"
EndProject
Project("{FAE04EC0-301F-11D3-BF4B-00C04F79EFBC}") = "Capitulo22EstruturaDosFormularios", "Capitulo22\Capitulo22EstruturaDosFormularios.csproj", "{CF4970B5-A50B-487F-81A3-A5BA841165F3}"
EndProject
Project("{FAE04EC0-301F-11D3-BF4B-00C04F79EFBC}") = "Capitulo23WinFormsValidacoes", "WinFormsValidacoes\Capitulo23WinFormsValidacoes.csproj", "{2055AA3A-E730-49E0-BA74-A5272778A8F6}"
EndProject
Project("{FAE04EC0-301F-11D3-BF4B-00C04F79EFBC}") = "Capitulo24RegrasDeNegócio", "Capitulo24RegrasDeNegócio\Capitulo24RegrasDeNegócio.csproj", "{29A3C329-6648-4D27-B1D7-04F774D7CD95}"
EndProject
Project("{FAE04EC0-301F-11D3-BF4B-00C04F79EFBC}") = "Capitulo25Relatorios", "Capitulo25Relatorios\Capitulo25Relatorios.csproj", "{29BD5288-A991-4C1F-9226-E464C479C3F6}"
EndProject
Global
	GlobalSection(SolutionConfigurationPlatforms) = preSolution
		Debug|Any CPU = Debug|Any CPU
		Release|Any CPU = Release|Any CPU
	EndGlobalSection
	GlobalSection(ProjectConfigurationPlatforms) = postSolution
		{454F53AA-65B9-418A-9144-4C98E0192C7D}.Debug|Any CPU.ActiveCfg = Debug|Any CPU
		{454F53AA-65B9-418A-9144-4C98E0192C7D}.Debug|Any CPU.Build.0 = Debug|Any CPU
		{454F53AA-65B9-418A-9144-4C98E0192C7D}.Release|Any CPU.ActiveCfg = Release|Any CPU
		{454F53AA-65B9-418A-9144-4C98E0192C7D}.Release|Any CPU.Build.0 = Release|Any CPU
		{C20E94A8-EC28-4B49-8D4A-29EBEF625970}.Debug|Any CPU.ActiveCfg = Debug|Any CPU
		{C20E94A8-EC28-4B49-8D4A-29EBEF625970}.Debug|Any CPU.Build.0 = Debug|Any CPU
		{C20E94A8-EC28-4B49-8D4A-29EBEF625970}.Release|Any CPU.ActiveCfg = Release|Any CPU
		{C20E94A8-EC28-4B49-8D4A-29EBEF625970}.Release|Any CPU.Build.0 = Release|Any CPU
		{CF2FBE64-6620-404A-9225-339E94B04BBE}.Debug|Any CPU.ActiveCfg = Debug|Any CPU
		{CF2FBE64-6620-404A-9225-339E94B04BBE}.Debug|Any CPU.Build.0 = Debug|Any CPU
		{CF2FBE64-6620-404A-9225-339E94B04BBE}.Release|Any CPU.ActiveCfg = Release|Any CPU
		{CF2FBE64-6620-404A-9225-339E94B04BBE}.Release|Any CPU.Build.0 = Release|Any CPU
		{14D46367-3F6A-4E40-B1B5-54C7148E2660}.Debug|Any CPU.ActiveCfg = Debug|Any CPU
		{14D46367-3F6A-4E40-B1B5-54C7148E2660}.Debug|Any CPU.Build.0 = Debug|Any CPU
		{14D46367-3F6A-4E40-B1B5-54C7148E2660}.Release|Any CPU.ActiveCfg = Release|Any CPU
		{14D46367-3F6A-4E40-B1B5-54C7148E2660}.Release|Any CPU.Build.0 = Release|Any CPU
		{6805BB25-9790-4329-902E-F72C37A10BF0}.Debug|Any CPU.ActiveCfg = Debug|Any CPU
		{6805BB25-9790-4329-902E-F72C37A10BF0}.Debug|Any CPU.Build.0 = Debug|Any CPU
		{6805BB25-9790-4329-902E-F72C37A10BF0}.Release|Any CPU.ActiveCfg = Release|Any CPU
		{6805BB25-9790-4329-902E-F72C37A10BF0}.Release|Any CPU.Build.0 = Release|Any CPU
		{D9E4F491-2E12-4CA3-9CAA-F4998FEA3FA0}.Debug|Any CPU.ActiveCfg = Debug|Any CPU
		{D9E4F491-2E12-4CA3-9CAA-F4998FEA3FA0}.Debug|Any CPU.Build.0 = Debug|Any CPU
		{D9E4F491-2E12-4CA3-9CAA-F4998FEA3FA0}.Release|Any CPU.ActiveCfg = Release|Any CPU
		{D9E4F491-2E12-4CA3-9CAA-F4998FEA3FA0}.Release|Any CPU.Build.0 = Release|Any CPU
		{886DF22B-A9F0-4CCD-A21D-86DD56E5A635}.Debug|Any CPU.ActiveCfg = Debug|Any CPU
		{886DF22B-A9F0-4CCD-A21D-86DD56E5A635}.Debug|Any CPU.Build.0 = Debug|Any CPU
		{886DF22B-A9F0-4CCD-A21D-86DD56E5A635}.Release|Any CPU.ActiveCfg = Release|Any CPU
		{886DF22B-A9F0-4CCD-A21D-86DD56E5A635}.Release|Any CPU.Build.0 = Release|Any CPU
		{C48A4813-575E-420E-A3A4-CA5C78FFC1AD}.Debug|Any CPU.ActiveCfg = Debug|Any CPU
		{C48A4813-575E-420E-A3A4-CA5C78FFC1AD}.Debug|Any CPU.Build.0 = Debug|Any CPU
		{C48A4813-575E-420E-A3A4-CA5C78FFC1AD}.Release|Any CPU.ActiveCfg = Release|Any CPU
		{C48A4813-575E-420E-A3A4-CA5C78FFC1AD}.Release|Any CPU.Build.0 = Release|Any CPU
		{3C474013-2857-4CDD-AA8F-AD6535B3801F}.Debug|Any CPU.ActiveCfg = Debug|Any CPU
		{3C474013-2857-4CDD-AA8F-AD6535B3801F}.Debug|Any CPU.Build.0 = Debug|Any CPU
		{3C474013-2857-4CDD-AA8F-AD6535B3801F}.Release|Any CPU.ActiveCfg = Release|Any CPU
		{3C474013-2857-4CDD-AA8F-AD6535B3801F}.Release|Any CPU.Build.0 = Release|Any CPU
		{EB26F8D8-06B4-46A1-A00A-D25E401FD113}.Debug|Any CPU.ActiveCfg = Debug|Any CPU
		{EB26F8D8-06B4-46A1-A00A-D25E401FD113}.Debug|Any CPU.Build.0 = Debug|Any CPU
		{EB26F8D8-06B4-46A1-A00A-D25E401FD113}.Release|Any CPU.ActiveCfg = Release|Any CPU
		{EB26F8D8-06B4-46A1-A00A-D25E401FD113}.Release|Any CPU.Build.0 = Release|Any CPU
		{CF4970B5-A50B-487F-81A3-A5BA841165F3}.Debug|Any CPU.ActiveCfg = Debug|Any CPU
		{CF4970B5-A50B-487F-81A3-A5BA841165F3}.Debug|Any CPU.Build.0 = Debug|Any CPU
		{CF4970B5-A50B-487F-81A3-A5BA841165F3}.Release|Any CPU.ActiveCfg = Release|Any CPU
		{CF4970B5-A50B-487F-81A3-A5BA841165F3}.Release|Any CPU.Build.0 = Release|Any CPU
		{2055AA3A-E730-49E0-BA74-A5272778A8F6}.Debug|Any CPU.ActiveCfg = Debug|Any CPU
		{2055AA3A-E730-49E0-BA74-A5272778A8F6}.Debug|Any CPU.Build.0 = Debug|Any CPU
		{2055AA3A-E730-49E0-BA74-A5272778A8F6}.Release|Any CPU.ActiveCfg = Release|Any CPU
		{2055AA3A-E730-49E0-BA74-A5272778A8F6}.Release|Any CPU.Build.0 = Release|Any CPU
		{29A3C329-6648-4D27-B1D7-04F774D7CD95}.Debug|Any CPU.ActiveCfg = Debug|Any CPU
		{29A3C329-6648-4D27-B1D7-04F774D7CD95}.Debug|Any CPU.Build.0 = Debug|Any CPU
		{29A3C329-6648-4D27-B1D7-04F774D7CD95}.Release|Any CPU.ActiveCfg = Release|Any CPU
		{29A3C329-6648-4D27-B1D7-04F774D7CD95}.Release|Any CPU.Build.0 = Release|Any CPU
		{29BD5288-A991-4C1F-9226-E464C479C3F6}.Debug|Any CPU.ActiveCfg = Debug|Any CPU
		{29BD5288-A991-4C1F-9226-E464C479C3F6}.Debug|Any CPU.Build.0 = Debug|Any CPU
		{29BD5288-A991-4C1F-9226-E464C479C3F6}.Release|Any CPU.ActiveCfg = Release|Any CPU
		{29BD5288-A991-4C1F-9226-E464C479C3F6}.Release|Any CPU.Build.0 = Release|Any CPU
	EndGlobalSection
	GlobalSection(SolutionProperties) = preSolution
		HideSolutionNode = FALSE
	EndGlobalSection
	GlobalSection(ExtensibilityGlobals) = postSolution
		SolutionGuid = {54C90A84-E797-4245-B135-13FCCDE2E95E}
	EndGlobalSection
EndGlobal
